
Microsoft Visual Studio Solution File, Format Version 12.00
# Visual Studio Express 2013 for Web
VisualStudioVersion = 12.0.21005.1
MinimumVisualStudioVersion = 10.0.40219.1
Project("{CC5FD16D-436D-48AD-A40C-5A424C6E3E79}") = "WindowsAzureSample", "WindowsAzureSample\WindowsAzureSample.ccproj", "{6DBEDE8F-CF21-48DE-BC72-C4A175F0729B}"
EndProject
Global
	GlobalSection(SolutionConfigurationPlatforms) = preSolution
		Debug|Any CPU = Debug|Any CPU
		Release|Any CPU = Release|Any CPU
	EndGlobalSection
	GlobalSection(ProjectConfigurationPlatforms) = postSolution
		{6DBEDE8F-CF21-48DE-BC72-C4A175F0729B}.Debug|Any CPU.ActiveCfg = Debug|Any CPU
		{6DBEDE8F-CF21-48DE-BC72-C4A175F0729B}.Debug|Any CPU.Build.0 = Debug|Any CPU
		{6DBEDE8F-CF21-48DE-BC72-C4A175F0729B}.Release|Any CPU.ActiveCfg = Release|Any CPU
		{6DBEDE8F-CF21-48DE-BC72-C4A175F0729B}.Release|Any CPU.Build.0 = Release|Any CPU
	EndGlobalSection
	GlobalSection(SolutionProperties) = preSolution
		HideSolutionNode = FALSE
	EndGlobalSection
EndGlobal
